
Microsoft Visual Studio Solution File, Format Version 12.00
# Visual Studio Version 17
VisualStudioVersion = 17.6.33815.320
MinimumVisualStudioVersion = 10.0.40219.1
Project("{FAE04EC0-301F-11D3-BF4B-00C04F79EFBC}") = "VariableAndTypes", "VariableAndTypes\VariableAndTypes.csproj", "{EFB622A6-F737-4D51-B7D0-64EEE4D0D081}"
EndProject
Global
	GlobalSection(SolutionConfigurationPlatforms) = preSolution
		Debug|Any CPU = Debug|Any CPU
		Release|Any CPU = Release|Any CPU
	EndGlobalSection
	GlobalSection(ProjectConfigurationPlatforms) = postSolution
		{EFB622A6-F737-4D51-B7D0-64EEE4D0D081}.Debug|Any CPU.ActiveCfg = Debug|Any CPU
		{EFB622A6-F737-4D51-B7D0-64EEE4D0D081}.Debug|Any CPU.Build.0 = Debug|Any CPU
		{EFB622A6-F737-4D51-B7D0-64EEE4D0D081}.Release|Any CPU.ActiveCfg = Release|Any CPU
		{EFB622A6-F737-4D51-B7D0-64EEE4D0D081}.Release|Any CPU.Build.0 = Release|Any CPU
	EndGlobalSection
	GlobalSection(SolutionProperties) = preSolution
		HideSolutionNode = FALSE
	EndGlobalSection
	GlobalSection(ExtensibilityGlobals) = postSolution
		SolutionGuid = {C74BB857-CB36-47FA-BB7F-8C243AE40147}
	EndGlobalSection
EndGlobal
