
Microsoft Visual Studio Solution File, Format Version 12.00
# Visual Studio Version 17
VisualStudioVersion = 17.6.33815.320
MinimumVisualStudioVersion = 10.0.40219.1
Project("{FAE04EC0-301F-11D3-BF4B-00C04F79EFBC}") = "GenericTypes", "ConsoleApp1\GenericTypes.csproj", "{A5746452-1218-48D3-85D9-A1B2A551113C}"
EndProject
Global
	GlobalSection(SolutionConfigurationPlatforms) = preSolution
		Debug|Any CPU = Debug|Any CPU
		Release|Any CPU = Release|Any CPU
	EndGlobalSection
	GlobalSection(ProjectConfigurationPlatforms) = postSolution
		{A5746452-1218-48D3-85D9-A1B2A551113C}.Debug|Any CPU.ActiveCfg = Debug|Any CPU
		{A5746452-1218-48D3-85D9-A1B2A551113C}.Debug|Any CPU.Build.0 = Debug|Any CPU
		{A5746452-1218-48D3-85D9-A1B2A551113C}.Release|Any CPU.ActiveCfg = Release|Any CPU
		{A5746452-1218-48D3-85D9-A1B2A551113C}.Release|Any CPU.Build.0 = Release|Any CPU
	EndGlobalSection
	GlobalSection(SolutionProperties) = preSolution
		HideSolutionNode = FALSE
	EndGlobalSection
	GlobalSection(ExtensibilityGlobals) = postSolution
		SolutionGuid = {1C773728-D5F6-4DE5-8469-D5DF536D8E20}
	EndGlobalSection
EndGlobal
